// !$*UTF8*$!
{
	archiveVersion = 1;
	classes = {
	};
	objectVersion = 56;
	objects = {

/* Begin PBXBuildFile section */
		50CCEC432B296E3600DA5074 /* AppDelegate.swift in Sources */ = {isa = PBXBuildFile; fileRef = 50CCEC422B296E3600DA5074 /* AppDelegate.swift */; };
		50CCEC452B296E3600DA5074 /* SceneDelegate.swift in Sources */ = {isa = PBXBuildFile; fileRef = 50CCEC442B296E3600DA5074 /* SceneDelegate.swift */; };
		50CCEC4A2B296E3600DA5074 /* Main.storyboard in Resources */ = {isa = PBXBuildFile; fileRef = 50CCEC482B296E3600DA5074 /* Main.storyboard */; };
		50CCEC4C2B296E3800DA5074 /* Assets.xcassets in Resources */ = {isa = PBXBuildFile; fileRef = 50CCEC4B2B296E3800DA5074 /* Assets.xcassets */; };
		50CCEC4F2B296E3800DA5074 /* LaunchScreen.storyboard in Resources */ = {isa = PBXBuildFile; fileRef = 50CCEC4D2B296E3800DA5074 /* LaunchScreen.storyboard */; };
		50CCEC5A2B296E3800DA5074 /* nomura_assignmentTests.swift in Sources */ = {isa = PBXBuildFile; fileRef = 50CCEC592B296E3800DA5074 /* nomura_assignmentTests.swift */; };
		50CCEC642B296E3800DA5074 /* nomura_assignmentUITests.swift in Sources */ = {isa = PBXBuildFile; fileRef = 50CCEC632B296E3800DA5074 /* nomura_assignmentUITests.swift */; };
		50CCEC662B296E3800DA5074 /* nomura_assignmentUITestsLaunchTests.swift in Sources */ = {isa = PBXBuildFile; fileRef = 50CCEC652B296E3800DA5074 /* nomura_assignmentUITestsLaunchTests.swift */; };
		50CCEC752B296F5E00DA5074 /* APIManager.swift in Sources */ = {isa = PBXBuildFile; fileRef = 50CCEC742B296F5E00DA5074 /* APIManager.swift */; };
		50CCEC792B297B3000DA5074 /* ExchangeRateListModel.swift in Sources */ = {isa = PBXBuildFile; fileRef = 50CCEC782B297B3000DA5074 /* ExchangeRateListModel.swift */; };
		50CCEC7B2B2980E800DA5074 /* LinkedList.swift in Sources */ = {isa = PBXBuildFile; fileRef = 50CCEC7A2B2980E800DA5074 /* LinkedList.swift */; };
		50CCEC7D2B298A8C00DA5074 /* APIManagerError.swift in Sources */ = {isa = PBXBuildFile; fileRef = 50CCEC7C2B298A8C00DA5074 /* APIManagerError.swift */; };
		50CCEC7F2B298DD300DA5074 /* ExchangeRatesViewController.swift in Sources */ = {isa = PBXBuildFile; fileRef = 50CCEC7E2B298DD300DA5074 /* ExchangeRatesViewController.swift */; };
		50CCEC852B29903400DA5074 /* ExchangeRateListTableViewCell.swift in Sources */ = {isa = PBXBuildFile; fileRef = 50CCEC832B29903400DA5074 /* ExchangeRateListTableViewCell.swift */; };
		50CCEC862B29903400DA5074 /* ExchangeRateListTableViewCell.xib in Resources */ = {isa = PBXBuildFile; fileRef = 50CCEC842B29903400DA5074 /* ExchangeRateListTableViewCell.xib */; };
		50CCEC882B29914900DA5074 /* UIViewX.swift in Sources */ = {isa = PBXBuildFile; fileRef = 50CCEC872B29914900DA5074 /* UIViewX.swift */; };
/* End PBXBuildFile section */

/* Begin PBXContainerItemProxy section */
		50CCEC562B296E3800DA5074 /* PBXContainerItemProxy */ = {
			isa = PBXContainerItemProxy;
			containerPortal = 50CCEC372B296E3600DA5074 /* Project object */;
			proxyType = 1;
			remoteGlobalIDString = 50CCEC3E2B296E3600DA5074;
			remoteInfo = nomura_assignment;
		};
		50CCEC602B296E3800DA5074 /* PBXContainerItemProxy */ = {
			isa = PBXContainerItemProxy;
			containerPortal = 50CCEC372B296E3600DA5074 /* Project object */;
			proxyType = 1;
			remoteGlobalIDString = 50CCEC3E2B296E3600DA5074;
			remoteInfo = nomura_assignment;
		};
/* End PBXContainerItemProxy section */

/* Begin PBXFileReference section */
		50CCEC3F2B296E3600DA5074 /* nomura_assignment.app */ = {isa = PBXFileReference; explicitFileType = wrapper.application; includeInIndex = 0; path = nomura_assignment.app; sourceTree = BUILT_PRODUCTS_DIR; };
		50CCEC422B296E3600DA5074 /* AppDelegate.swift */ = {isa = PBXFileReference; lastKnownFileType = sourcecode.swift; path = AppDelegate.swift; sourceTree = "<group>"; };
		50CCEC442B296E3600DA5074 /* SceneDelegate.swift */ = {isa = PBXFileReference; lastKnownFileType = sourcecode.swift; path = SceneDelegate.swift; sourceTree = "<group>"; };
		50CCEC492B296E3600DA5074 /* Base */ = {isa = PBXFileReference; lastKnownFileType = file.storyboard; name = Base; path = Base.lproj/Main.storyboard; sourceTree = "<group>"; };
		50CCEC4B2B296E3800DA5074 /* Assets.xcassets */ = {isa = PBXFileReference; lastKnownFileType = folder.assetcatalog; path = Assets.xcassets; sourceTree = "<group>"; };
		50CCEC4E2B296E3800DA5074 /* Base */ = {isa = PBXFileReference; lastKnownFileType = file.storyboard; name = Base; path = Base.lproj/LaunchScreen.storyboard; sourceTree = "<group>"; };
		50CCEC502B296E3800DA5074 /* Info.plist */ = {isa = PBXFileReference; lastKnownFileType = text.plist.xml; path = Info.plist; sourceTree = "<group>"; };
		50CCEC552B296E3800DA5074 /* nomura_assignmentTests.xctest */ = {isa = PBXFileReference; explicitFileType = wrapper.cfbundle; includeInIndex = 0; path = nomura_assignmentTests.xctest; sourceTree = BUILT_PRODUCTS_DIR; };
		50CCEC592B296E3800DA5074 /* nomura_assignmentTests.swift */ = {isa = PBXFileReference; lastKnownFileType = sourcecode.swift; path = nomura_assignmentTests.swift; sourceTree = "<group>"; };
		50CCEC5F2B296E3800DA5074 /* nomura_assignmentUITests.xctest */ = {isa = PBXFileReference; explicitFileType = wrapper.cfbundle; includeInIndex = 0; path = nomura_assignmentUITests.xctest; sourceTree = BUILT_PRODUCTS_DIR; };
		50CCEC632B296E3800DA5074 /* nomura_assignmentUITests.swift */ = {isa = PBXFileReference; lastKnownFileType = sourcecode.swift; path = nomura_assignmentUITests.swift; sourceTree = "<group>"; };
		50CCEC652B296E3800DA5074 /* nomura_assignmentUITestsLaunchTests.swift */ = {isa = PBXFileReference; lastKnownFileType = sourcecode.swift; path = nomura_assignmentUITestsLaunchTests.swift; sourceTree = "<group>"; };
		50CCEC742B296F5E00DA5074 /* APIManager.swift */ = {isa = PBXFileReference; lastKnownFileType = sourcecode.swift; path = APIManager.swift; sourceTree = "<group>"; };
		50CCEC782B297B3000DA5074 /* ExchangeRateListModel.swift */ = {isa = PBXFileReference; lastKnownFileType = sourcecode.swift; path = ExchangeRateListModel.swift; sourceTree = "<group>"; };
		50CCEC7A2B2980E800DA5074 /* LinkedList.swift */ = {isa = PBXFileReference; lastKnownFileType = sourcecode.swift; path = LinkedList.swift; sourceTree = "<group>"; };
		50CCEC7C2B298A8C00DA5074 /* APIManagerError.swift */ = {isa = PBXFileReference; lastKnownFileType = sourcecode.swift; path = APIManagerError.swift; sourceTree = "<group>"; };
		50CCEC7E2B298DD300DA5074 /* ExchangeRatesViewController.swift */ = {isa = PBXFileReference; lastKnownFileType = sourcecode.swift; path = ExchangeRatesViewController.swift; sourceTree = "<group>"; };
		50CCEC832B29903400DA5074 /* ExchangeRateListTableViewCell.swift */ = {isa = PBXFileReference; lastKnownFileType = sourcecode.swift; path = ExchangeRateListTableViewCell.swift; sourceTree = "<group>"; };
		50CCEC842B29903400DA5074 /* ExchangeRateListTableViewCell.xib */ = {isa = PBXFileReference; lastKnownFileType = file.xib; path = ExchangeRateListTableViewCell.xib; sourceTree = "<group>"; };
		50CCEC872B29914900DA5074 /* UIViewX.swift */ = {isa = PBXFileReference; lastKnownFileType = sourcecode.swift; path = UIViewX.swift; sourceTree = "<group>"; };
/* End PBXFileReference section */

/* Begin PBXFrameworksBuildPhase section */
		50CCEC3C2B296E3600DA5074 /* Frameworks */ = {
			isa = PBXFrameworksBuildPhase;
			buildActionMask = 2147483647;
			files = (
			);
			runOnlyForDeploymentPostprocessing = 0;
		};
		50CCEC522B296E3800DA5074 /* Frameworks */ = {
			isa = PBXFrameworksBuildPhase;
			buildActionMask = 2147483647;
			files = (
			);
			runOnlyForDeploymentPostprocessing = 0;
		};
		50CCEC5C2B296E3800DA5074 /* Frameworks */ = {
			isa = PBXFrameworksBuildPhase;
			buildActionMask = 2147483647;
			files = (
			);
			runOnlyForDeploymentPostprocessing = 0;
		};
/* End PBXFrameworksBuildPhase section */

/* Begin PBXGroup section */
		50CCEC362B296E3600DA5074 = {
			isa = PBXGroup;
			children = (
				50CCEC412B296E3600DA5074 /* nomura_assignment */,
				50CCEC582B296E3800DA5074 /* nomura_assignmentTests */,
				50CCEC622B296E3800DA5074 /* nomura_assignmentUITests */,
				50CCEC402B296E3600DA5074 /* Products */,
			);
			sourceTree = "<group>";
		};
		50CCEC402B296E3600DA5074 /* Products */ = {
			isa = PBXGroup;
			children = (
				50CCEC3F2B296E3600DA5074 /* nomura_assignment.app */,
				50CCEC552B296E3800DA5074 /* nomura_assignmentTests.xctest */,
				50CCEC5F2B296E3800DA5074 /* nomura_assignmentUITests.xctest */,
			);
			name = Products;
			sourceTree = "<group>";
		};
		50CCEC412B296E3600DA5074 /* nomura_assignment */ = {
			isa = PBXGroup;
			children = (
				50CCEC802B298FF600DA5074 /* Views */,
				50CCEC762B297B0500DA5074 /* Modules */,
				50CCEC722B296F2100DA5074 /* Libraries */,
				50CCEC422B296E3600DA5074 /* AppDelegate.swift */,
				50CCEC442B296E3600DA5074 /* SceneDelegate.swift */,
				50CCEC482B296E3600DA5074 /* Main.storyboard */,
				50CCEC4B2B296E3800DA5074 /* Assets.xcassets */,
				50CCEC4D2B296E3800DA5074 /* LaunchScreen.storyboard */,
				50CCEC502B296E3800DA5074 /* Info.plist */,
			);
			path = nomura_assignment;
			sourceTree = "<group>";
		};
		50CCEC582B296E3800DA5074 /* nomura_assignmentTests */ = {
			isa = PBXGroup;
			children = (
				50CCEC592B296E3800DA5074 /* nomura_assignmentTests.swift */,
			);
			path = nomura_assignmentTests;
			sourceTree = "<group>";
		};
		50CCEC622B296E3800DA5074 /* nomura_assignmentUITests */ = {
			isa = PBXGroup;
			children = (
				50CCEC632B296E3800DA5074 /* nomura_assignmentUITests.swift */,
				50CCEC652B296E3800DA5074 /* nomura_assignmentUITestsLaunchTests.swift */,
			);
			path = nomura_assignmentUITests;
			sourceTree = "<group>";
		};
		50CCEC722B296F2100DA5074 /* Libraries */ = {
			isa = PBXGroup;
			children = (
				50CCEC732B296F2C00DA5074 /* APIManager */,
				50CCEC7A2B2980E800DA5074 /* LinkedList.swift */,
				50CCEC872B29914900DA5074 /* UIViewX.swift */,
			);
			path = Libraries;
			sourceTree = "<group>";
		};
		50CCEC732B296F2C00DA5074 /* APIManager */ = {
			isa = PBXGroup;
			children = (
				50CCEC742B296F5E00DA5074 /* APIManager.swift */,
				50CCEC7C2B298A8C00DA5074 /* APIManagerError.swift */,
			);
			path = APIManager;
			sourceTree = "<group>";
		};
		50CCEC762B297B0500DA5074 /* Modules */ = {
			isa = PBXGroup;
			children = (
				50CCEC772B297B1400DA5074 /* ExchangeRateList */,
			);
			path = Modules;
			sourceTree = "<group>";
		};
		50CCEC772B297B1400DA5074 /* ExchangeRateList */ = {
			isa = PBXGroup;
			children = (
				50CCEC782B297B3000DA5074 /* ExchangeRateListModel.swift */,
				50CCEC7E2B298DD300DA5074 /* ExchangeRatesViewController.swift */,
			);
			path = ExchangeRateList;
			sourceTree = "<group>";
		};
		50CCEC802B298FF600DA5074 /* Views */ = {
			isa = PBXGroup;
			children = (
				50CCEC812B298FFE00DA5074 /* TableViewCells */,
			);
			path = Views;
			sourceTree = "<group>";
		};
		50CCEC812B298FFE00DA5074 /* TableViewCells */ = {
			isa = PBXGroup;
			children = (
				50CCEC822B29900B00DA5074 /* ExchangeRateListTableViewCell */,
			);
			path = TableViewCells;
			sourceTree = "<group>";
		};
		50CCEC822B29900B00DA5074 /* ExchangeRateListTableViewCell */ = {
			isa = PBXGroup;
			children = (
				50CCEC832B29903400DA5074 /* ExchangeRateListTableViewCell.swift */,
				50CCEC842B29903400DA5074 /* ExchangeRateListTableViewCell.xib */,
			);
			path = ExchangeRateListTableViewCell;
			sourceTree = "<group>";
		};
/* End PBXGroup section */

/* Begin PBXNativeTarget section */
		50CCEC3E2B296E3600DA5074 /* nomura_assignment */ = {
			isa = PBXNativeTarget;
			buildConfigurationList = 50CCEC692B296E3800DA5074 /* Build configuration list for PBXNativeTarget "nomura_assignment" */;
			buildPhases = (
				50CCEC3B2B296E3600DA5074 /* Sources */,
				50CCEC3C2B296E3600DA5074 /* Frameworks */,
				50CCEC3D2B296E3600DA5074 /* Resources */,
			);
			buildRules = (
			);
			dependencies = (
			);
			name = nomura_assignment;
			productName = nomura_assignment;
			productReference = 50CCEC3F2B296E3600DA5074 /* nomura_assignment.app */;
			productType = "com.apple.product-type.application";
		};
		50CCEC542B296E3800DA5074 /* nomura_assignmentTests */ = {
			isa = PBXNativeTarget;
			buildConfigurationList = 50CCEC6C2B296E3800DA5074 /* Build configuration list for PBXNativeTarget "nomura_assignmentTests" */;
			buildPhases = (
				50CCEC512B296E3800DA5074 /* Sources */,
				50CCEC522B296E3800DA5074 /* Frameworks */,
				50CCEC532B296E3800DA5074 /* Resources */,
			);
			buildRules = (
			);
			dependencies = (
				50CCEC572B296E3800DA5074 /* PBXTargetDependency */,
			);
			name = nomura_assignmentTests;
			productName = nomura_assignmentTests;
			productReference = 50CCEC552B296E3800DA5074 /* nomura_assignmentTests.xctest */;
			productType = "com.apple.product-type.bundle.unit-test";
		};
		50CCEC5E2B296E3800DA5074 /* nomura_assignmentUITests */ = {
			isa = PBXNativeTarget;
			buildConfigurationList = 50CCEC6F2B296E3800DA5074 /* Build configuration list for PBXNativeTarget "nomura_assignmentUITests" */;
			buildPhases = (
				50CCEC5B2B296E3800DA5074 /* Sources */,
				50CCEC5C2B296E3800DA5074 /* Frameworks */,
				50CCEC5D2B296E3800DA5074 /* Resources */,
			);
			buildRules = (
			);
			dependencies = (
				50CCEC612B296E3800DA5074 /* PBXTargetDependency */,
			);
			name = nomura_assignmentUITests;
			productName = nomura_assignmentUITests;
			productReference = 50CCEC5F2B296E3800DA5074 /* nomura_assignmentUITests.xctest */;
			productType = "com.apple.product-type.bundle.ui-testing";
		};
/* End PBXNativeTarget section */

/* Begin PBXProject section */
		50CCEC372B296E3600DA5074 /* Project object */ = {
			isa = PBXProject;
			attributes = {
				BuildIndependentTargetsInParallel = 1;
				LastSwiftUpdateCheck = 1500;
				LastUpgradeCheck = 1500;
				TargetAttributes = {
					50CCEC3E2B296E3600DA5074 = {
						CreatedOnToolsVersion = 15.0.1;
					};
					50CCEC542B296E3800DA5074 = {
						CreatedOnToolsVersion = 15.0.1;
						TestTargetID = 50CCEC3E2B296E3600DA5074;
					};
					50CCEC5E2B296E3800DA5074 = {
						CreatedOnToolsVersion = 15.0.1;
						TestTargetID = 50CCEC3E2B296E3600DA5074;
					};
				};
			};
			buildConfigurationList = 50CCEC3A2B296E3600DA5074 /* Build configuration list for PBXProject "nomura_assignment" */;
			compatibilityVersion = "Xcode 14.0";
			developmentRegion = en;
			hasScannedForEncodings = 0;
			knownRegions = (
				en,
				Base,
			);
			mainGroup = 50CCEC362B296E3600DA5074;
			productRefGroup = 50CCEC402B296E3600DA5074 /* Products */;
			projectDirPath = "";
			projectRoot = "";
			targets = (
				50CCEC3E2B296E3600DA5074 /* nomura_assignment */,
				50CCEC542B296E3800DA5074 /* nomura_assignmentTests */,
				50CCEC5E2B296E3800DA5074 /* nomura_assignmentUITests */,
			);
		};
/* End PBXProject section */

/* Begin PBXResourcesBuildPhase section */
		50CCEC3D2B296E3600DA5074 /* Resources */ = {
			isa = PBXResourcesBuildPhase;
			buildActionMask = 2147483647;
			files = (
				50CCEC862B29903400DA5074 /* ExchangeRateListTableViewCell.xib in Resources */,
				50CCEC4F2B296E3800DA5074 /* LaunchScreen.storyboard in Resources */,
				50CCEC4C2B296E3800DA5074 /* Assets.xcassets in Resources */,
				50CCEC4A2B296E3600DA5074 /* Main.storyboard in Resources */,
			);
			runOnlyForDeploymentPostprocessing = 0;
		};
		50CCEC532B296E3800DA5074 /* Resources */ = {
			isa = PBXResourcesBuildPhase;
			buildActionMask = 2147483647;
			files = (
			);
			runOnlyForDeploymentPostprocessing = 0;
		};
		50CCEC5D2B296E3800DA5074 /* Resources */ = {
			isa = PBXResourcesBuildPhase;
			buildActionMask = 2147483647;
			files = (
			);
			runOnlyForDeploymentPostprocessing = 0;
		};
/* End PBXResourcesBuildPhase section */

/* Begin PBXSourcesBuildPhase section */
		50CCEC3B2B296E3600DA5074 /* Sources */ = {
			isa = PBXSourcesBuildPhase;
			buildActionMask = 2147483647;
			files = (
				50CCEC7B2B2980E800DA5074 /* LinkedList.swift in Sources */,
				50CCEC852B29903400DA5074 /* ExchangeRateListTableViewCell.swift in Sources */,
				50CCEC752B296F5E00DA5074 /* APIManager.swift in Sources */,
				50CCEC882B29914900DA5074 /* UIViewX.swift in Sources */,
				50CCEC7F2B298DD300DA5074 /* ExchangeRatesViewController.swift in Sources */,
				50CCEC432B296E3600DA5074 /* AppDelegate.swift in Sources */,
				50CCEC452B296E3600DA5074 /* SceneDelegate.swift in Sources */,
				50CCEC7D2B298A8C00DA5074 /* APIManagerError.swift in Sources */,
				50CCEC792B297B3000DA5074 /* ExchangeRateListModel.swift in Sources */,
			);
			runOnlyForDeploymentPostprocessing = 0;
		};
		50CCEC512B296E3800DA5074 /* Sources */ = {
			isa = PBXSourcesBuildPhase;
			buildActionMask = 2147483647;
			files = (
				50CCEC5A2B296E3800DA5074 /* nomura_assignmentTests.swift in Sources */,
			);
			runOnlyForDeploymentPostprocessing = 0;
		};
		50CCEC5B2B296E3800DA5074 /* Sources */ = {
			isa = PBXSourcesBuildPhase;
			buildActionMask = 2147483647;
			files = (
				50CCEC642B296E3800DA5074 /* nomura_assignmentUITests.swift in Sources */,
				50CCEC662B296E3800DA5074 /* nomura_assignmentUITestsLaunchTests.swift in Sources */,
			);
			runOnlyForDeploymentPostprocessing = 0;
		};
/* End PBXSourcesBuildPhase section */

/* Begin PBXTargetDependency section */
		50CCEC572B296E3800DA5074 /* PBXTargetDependency */ = {
			isa = PBXTargetDependency;
			target = 50CCEC3E2B296E3600DA5074 /* nomura_assignment */;
			targetProxy = 50CCEC562B296E3800DA5074 /* PBXContainerItemProxy */;
		};
		50CCEC612B296E3800DA5074 /* PBXTargetDependency */ = {
			isa = PBXTargetDependency;
			target = 50CCEC3E2B296E3600DA5074 /* nomura_assignment */;
			targetProxy = 50CCEC602B296E3800DA5074 /* PBXContainerItemProxy */;
		};
/* End PBXTargetDependency section */

/* Begin PBXVariantGroup section */
		50CCEC482B296E3600DA5074 /* Main.storyboard */ = {
			isa = PBXVariantGroup;
			children = (
				50CCEC492B296E3600DA5074 /* Base */,
			);
			name = Main.storyboard;
			sourceTree = "<group>";
		};
		50CCEC4D2B296E3800DA5074 /* LaunchScreen.storyboard */ = {
			isa = PBXVariantGroup;
			children = (
				50CCEC4E2B296E3800DA5074 /* Base */,
			);
			name = LaunchScreen.storyboard;
			sourceTree = "<group>";
		};
/* End PBXVariantGroup section */

/* Begin XCBuildConfiguration section */
		50CCEC672B296E3800DA5074 /* Debug */ = {
			isa = XCBuildConfiguration;
			buildSettings = {
				ALWAYS_SEARCH_USER_PATHS = NO;
				ASSETCATALOG_COMPILER_GENERATE_SWIFT_ASSET_SYMBOL_EXTENSIONS = YES;
				CLANG_ANALYZER_NONNULL = YES;
				CLANG_ANALYZER_NUMBER_OBJECT_CONVERSION = YES_AGGRESSIVE;
				CLANG_CXX_LANGUAGE_STANDARD = "gnu++20";
				CLANG_ENABLE_MODULES = YES;
				CLANG_ENABLE_OBJC_ARC = YES;
				CLANG_ENABLE_OBJC_WEAK = YES;
				CLANG_WARN_BLOCK_CAPTURE_AUTORELEASING = YES;
				CLANG_WARN_BOOL_CONVERSION = YES;
				CLANG_WARN_COMMA = YES;
				CLANG_WARN_CONSTANT_CONVERSION = YES;
				CLANG_WARN_DEPRECATED_OBJC_IMPLEMENTATIONS = YES;
				CLANG_WARN_DIRECT_OBJC_ISA_USAGE = YES_ERROR;
				CLANG_WARN_DOCUMENTATION_COMMENTS = YES;
				CLANG_WARN_EMPTY_BODY = YES;
				CLANG_WARN_ENUM_CONVERSION = YES;
				CLANG_WARN_INFINITE_RECURSION = YES;
				CLANG_WARN_INT_CONVERSION = YES;
				CLANG_WARN_NON_LITERAL_NULL_CONVERSION = YES;
				CLANG_WARN_OBJC_IMPLICIT_RETAIN_SELF = YES;
				CLANG_WARN_OBJC_LITERAL_CONVERSION = YES;
				CLANG_WARN_OBJC_ROOT_CLASS = YES_ERROR;
				CLANG_WARN_QUOTED_INCLUDE_IN_FRAMEWORK_HEADER = YES;
				CLANG_WARN_RANGE_LOOP_ANALYSIS = YES;
				CLANG_WARN_STRICT_PROTOTYPES = YES;
				CLANG_WARN_SUSPICIOUS_MOVE = YES;
				CLANG_WARN_UNGUARDED_AVAILABILITY = YES_AGGRESSIVE;
				CLANG_WARN_UNREACHABLE_CODE = YES;
				CLANG_WARN__DUPLICATE_METHOD_MATCH = YES;
				COPY_PHASE_STRIP = NO;
				DEBUG_INFORMATION_FORMAT = dwarf;
				ENABLE_STRICT_OBJC_MSGSEND = YES;
				ENABLE_TESTABILITY = YES;
				ENABLE_USER_SCRIPT_SANDBOXING = YES;
				GCC_C_LANGUAGE_STANDARD = gnu17;
				GCC_DYNAMIC_NO_PIC = NO;
				GCC_NO_COMMON_BLOCKS = YES;
				GCC_OPTIMIZATION_LEVEL = 0;
				GCC_PREPROCESSOR_DEFINITIONS = (
					"DEBUG=1",
					"$(inherited)",
				);
				GCC_WARN_64_TO_32_BIT_CONVERSION = YES;
				GCC_WARN_ABOUT_RETURN_TYPE = YES_ERROR;
				GCC_WARN_UNDECLARED_SELECTOR = YES;
				GCC_WARN_UNINITIALIZED_AUTOS = YES_AGGRESSIVE;
				GCC_WARN_UNUSED_FUNCTION = YES;
				GCC_WARN_UNUSED_VARIABLE = YES;
				IPHONEOS_DEPLOYMENT_TARGET = 17.0;
				LOCALIZATION_PREFERS_STRING_CATALOGS = YES;
				MTL_ENABLE_DEBUG_INFO = INCLUDE_SOURCE;
				MTL_FAST_MATH = YES;
				ONLY_ACTIVE_ARCH = YES;
				SDKROOT = iphoneos;
				SWIFT_ACTIVE_COMPILATION_CONDITIONS = "DEBUG $(inherited)";
				SWIFT_OPTIMIZATION_LEVEL = "-Onone";
			};
			name = Debug;
		};
		50CCEC682B296E3800DA5074 /* Release */ = {
			isa = XCBuildConfiguration;
			buildSettings = {
				ALWAYS_SEARCH_USER_PATHS = NO;
				ASSETCATALOG_COMPILER_GENERATE_SWIFT_ASSET_SYMBOL_EXTENSIONS = YES;
				CLANG_ANALYZER_NONNULL = YES;
				CLANG_ANALYZER_NUMBER_OBJECT_CONVERSION = YES_AGGRESSIVE;
				CLANG_CXX_LANGUAGE_STANDARD = "gnu++20";
				CLANG_ENABLE_MODULES = YES;
				CLANG_ENABLE_OBJC_ARC = YES;
				CLANG_ENABLE_OBJC_WEAK = YES;
				CLANG_WARN_BLOCK_CAPTURE_AUTORELEASING = YES;
				CLANG_WARN_BOOL_CONVERSION = YES;
				CLANG_WARN_COMMA = YES;
				CLANG_WARN_CONSTANT_CONVERSION = YES;
				CLANG_WARN_DEPRECATED_OBJC_IMPLEMENTATIONS = YES;
				CLANG_WARN_DIRECT_OBJC_ISA_USAGE = YES_ERROR;
				CLANG_WARN_DOCUMENTATION_COMMENTS = YES;
				CLANG_WARN_EMPTY_BODY = YES;
				CLANG_WARN_ENUM_CONVERSION = YES;
				CLANG_WARN_INFINITE_RECURSION = YES;
				CLANG_WARN_INT_CONVERSION = YES;
				CLANG_WARN_NON_LITERAL_NULL_CONVERSION = YES;
				CLANG_WARN_OBJC_IMPLICIT_RETAIN_SELF = YES;
				CLANG_WARN_OBJC_LITERAL_CONVERSION = YES;
				CLANG_WARN_OBJC_ROOT_CLASS = YES_ERROR;
				CLANG_WARN_QUOTED_INCLUDE_IN_FRAMEWORK_HEADER = YES;
				CLANG_WARN_RANGE_LOOP_ANALYSIS = YES;
				CLANG_WARN_STRICT_PROTOTYPES = YES;
				CLANG_WARN_SUSPICIOUS_MOVE = YES;
				CLANG_WARN_UNGUARDED_AVAILABILITY = YES_AGGRESSIVE;
				CLANG_WARN_UNREACHABLE_CODE = YES;
				CLANG_WARN__DUPLICATE_METHOD_MATCH = YES;
				COPY_PHASE_STRIP = NO;
				DEBUG_INFORMATION_FORMAT = "dwarf-with-dsym";
				ENABLE_NS_ASSERTIONS = NO;
				ENABLE_STRICT_OBJC_MSGSEND = YES;
				ENABLE_USER_SCRIPT_SANDBOXING = YES;
				GCC_C_LANGUAGE_STANDARD = gnu17;
				GCC_NO_COMMON_BLOCKS = YES;
				GCC_WARN_64_TO_32_BIT_CONVERSION = YES;
				GCC_WARN_ABOUT_RETURN_TYPE = YES_ERROR;
				GCC_WARN_UNDECLARED_SELECTOR = YES;
				GCC_WARN_UNINITIALIZED_AUTOS = YES_AGGRESSIVE;
				GCC_WARN_UNUSED_FUNCTION = YES;
				GCC_WARN_UNUSED_VARIABLE = YES;
				IPHONEOS_DEPLOYMENT_TARGET = 17.0;
				LOCALIZATION_PREFERS_STRING_CATALOGS = YES;
				MTL_ENABLE_DEBUG_INFO = NO;
				MTL_FAST_MATH = YES;
				SDKROOT = iphoneos;
				SWIFT_COMPILATION_MODE = wholemodule;
				VALIDATE_PRODUCT = YES;
			};
			name = Release;
		};
		50CCEC6A2B296E3800DA5074 /* Debug */ = {
			isa = XCBuildConfiguration;
			buildSettings = {
				ASSETCATALOG_COMPILER_APPICON_NAME = AppIcon;
				ASSETCATALOG_COMPILER_GLOBAL_ACCENT_COLOR_NAME = AccentColor;
				CODE_SIGN_STYLE = Automatic;
				CURRENT_PROJECT_VERSION = 1;
				GENERATE_INFOPLIST_FILE = YES;
				INFOPLIST_FILE = nomura_assignment/Info.plist;
				INFOPLIST_KEY_UIApplicationSupportsIndirectInputEvents = YES;
				INFOPLIST_KEY_UILaunchStoryboardName = LaunchScreen;
				INFOPLIST_KEY_UIMainStoryboardFile = Main;
				INFOPLIST_KEY_UISupportedInterfaceOrientations_iPad = "UIInterfaceOrientationPortrait UIInterfaceOrientationPortraitUpsideDown UIInterfaceOrientationLandscapeLeft UIInterfaceOrientationLandscapeRight";
				INFOPLIST_KEY_UISupportedInterfaceOrientations_iPhone = "UIInterfaceOrientationPortrait UIInterfaceOrientationLandscapeLeft UIInterfaceOrientationLandscapeRight";
				IPHONEOS_DEPLOYMENT_TARGET = 13.0;
				LD_RUNPATH_SEARCH_PATHS = (
					"$(inherited)",
					"@executable_path/Frameworks",
				);
				MARKETING_VERSION = 1.0;
				PRODUCT_BUNDLE_IDENTIFIER = "com.assignment.nomura-assignment";
				PRODUCT_NAME = "$(TARGET_NAME)";
				SUPPORTED_PLATFORMS = "iphoneos iphonesimulator";
				SUPPORTS_MACCATALYST = NO;
				SUPPORTS_MAC_DESIGNED_FOR_IPHONE_IPAD = NO;
				SWIFT_EMIT_LOC_STRINGS = YES;
				SWIFT_VERSION = 5.0;
				TARGETED_DEVICE_FAMILY = "1,2";
			};
			name = Debug;
		};
		50CCEC6B2B296E3800DA5074 /* Release */ = {
			isa = XCBuildConfiguration;
			buildSettings = {
				ASSETCATALOG_COMPILER_APPICON_NAME = AppIcon;
				ASSETCATALOG_COMPILER_GLOBAL_ACCENT_COLOR_NAME = AccentColor;
				CODE_SIGN_STYLE = Automatic;
				CURRENT_PROJECT_VERSION = 1;
				GENERATE_INFOPLIST_FILE = YES;
				INFOPLIST_FILE = nomura_assignment/Info.plist;
				INFOPLIST_KEY_UIApplicationSupportsIndirectInputEvents = YES;
				INFOPLIST_KEY_UILaunchStoryboardName = LaunchScreen;
				INFOPLIST_KEY_UIMainStoryboardFile = Main;
				INFOPLIST_KEY_UISupportedInterfaceOrientations_iPad = "UIInterfaceOrientationPortrait UIInterfaceOrientationPortraitUpsideDown UIInterfaceOrientationLandscapeLeft UIInterfaceOrientationLandscapeRight";
				INFOPLIST_KEY_UISupportedInterfaceOrientations_iPhone = "UIInterfaceOrientationPortrait UIInterfaceOrientationLandscapeLeft UIInterfaceOrientationLandscapeRight";
				IPHONEOS_DEPLOYMENT_TARGET = 13.0;
				LD_RUNPATH_SEARCH_PATHS = (
					"$(inherited)",
					"@executable_path/Frameworks",
				);
				MARKETING_VERSION = 1.0;
				PRODUCT_BUNDLE_IDENTIFIER = "com.assignment.nomura-assignment";
				PRODUCT_NAME = "$(TARGET_NAME)";
				SUPPORTED_PLATFORMS = "iphoneos iphonesimulator";
				SUPPORTS_MACCATALYST = NO;
				SUPPORTS_MAC_DESIGNED_FOR_IPHONE_IPAD = NO;
				SWIFT_EMIT_LOC_STRINGS = YES;
				SWIFT_VERSION = 5.0;
				TARGETED_DEVICE_FAMILY = "1,2";
			};
			name = Release;
		};
		50CCEC6D2B296E3800DA5074 /* Debug */ = {
			isa = XCBuildConfiguration;
			buildSettings = {
				ALWAYS_EMBED_SWIFT_STANDARD_LIBRARIES = YES;
				BUNDLE_LOADER = "$(TEST_HOST)";
				CODE_SIGN_STYLE = Automatic;
				CURRENT_PROJECT_VERSION = 1;
				GENERATE_INFOPLIST_FILE = YES;
				IPHONEOS_DEPLOYMENT_TARGET = 17.0;
				MARKETING_VERSION = 1.0;
				PRODUCT_BUNDLE_IDENTIFIER = "com.assignment.nomura-assignmentTests";
				PRODUCT_NAME = "$(TARGET_NAME)";
				SWIFT_EMIT_LOC_STRINGS = NO;
				SWIFT_VERSION = 5.0;
				TARGETED_DEVICE_FAMILY = "1,2";
				TEST_HOST = "$(BUILT_PRODUCTS_DIR)/nomura_assignment.app/$(BUNDLE_EXECUTABLE_FOLDER_PATH)/nomura_assignment";
			};
			name = Debug;
		};
		50CCEC6E2B296E3800DA5074 /* Release */ = {
			isa = XCBuildConfiguration;
			buildSettings = {
				ALWAYS_EMBED_SWIFT_STANDARD_LIBRARIES = YES;
				BUNDLE_LOADER = "$(TEST_HOST)";
				CODE_SIGN_STYLE = Automatic;
				CURRENT_PROJECT_VERSION = 1;
				GENERATE_INFOPLIST_FILE = YES;
				IPHONEOS_DEPLOYMENT_TARGET = 17.0;
				MARKETING_VERSION = 1.0;
				PRODUCT_BUNDLE_IDENTIFIER = "com.assignment.nomura-assignmentTests";
				PRODUCT_NAME = "$(TARGET_NAME)";
				SWIFT_EMIT_LOC_STRINGS = NO;
				SWIFT_VERSION = 5.0;
				TARGETED_DEVICE_FAMILY = "1,2";
				TEST_HOST = "$(BUILT_PRODUCTS_DIR)/nomura_assignment.app/$(BUNDLE_EXECUTABLE_FOLDER_PATH)/nomura_assignment";
			};
			name = Release;
		};
		50CCEC702B296E3800DA5074 /* Debug */ = {
			isa = XCBuildConfiguration;
			buildSettings = {
				ALWAYS_EMBED_SWIFT_STANDARD_LIBRARIES = YES;
				CODE_SIGN_STYLE = Automatic;
				CURRENT_PROJECT_VERSION = 1;
				GENERATE_INFOPLIST_FILE = YES;
				MARKETING_VERSION = 1.0;
				PRODUCT_BUNDLE_IDENTIFIER = "com.assignment.nomura-assignmentUITests";
				PRODUCT_NAME = "$(TARGET_NAME)";
				SWIFT_EMIT_LOC_STRINGS = NO;
				SWIFT_VERSION = 5.0;
				TARGETED_DEVICE_FAMILY = "1,2";
				TEST_TARGET_NAME = nomura_assignment;
			};
			name = Debug;
		};
		50CCEC712B296E3800DA5074 /* Release */ = {
			isa = XCBuildConfiguration;
			buildSettings = {
				ALWAYS_EMBED_SWIFT_STANDARD_LIBRARIES = YES;
				CODE_SIGN_STYLE = Automatic;
				CURRENT_PROJECT_VERSION = 1;
				GENERATE_INFOPLIST_FILE = YES;
				MARKETING_VERSION = 1.0;
				PRODUCT_BUNDLE_IDENTIFIER = "com.assignment.nomura-assignmentUITests";
				PRODUCT_NAME = "$(TARGET_NAME)";
				SWIFT_EMIT_LOC_STRINGS = NO;
				SWIFT_VERSION = 5.0;
				TARGETED_DEVICE_FAMILY = "1,2";
				TEST_TARGET_NAME = nomura_assignment;
			};
			name = Release;
		};
/* End XCBuildConfiguration section */

/* Begin XCConfigurationList section */
		50CCEC3A2B296E3600DA5074 /* Build configuration list for PBXProject "nomura_assignment" */ = {
			isa = XCConfigurationList;
			buildConfigurations = (
				50CCEC672B296E3800DA5074 /* Debug */,
				50CCEC682B296E3800DA5074 /* Release */,
			);
			defaultConfigurationIsVisible = 0;
			defaultConfigurationName = Release;
		};
		50CCEC692B296E3800DA5074 /* Build configuration list for PBXNativeTarget "nomura_assignment" */ = {
			isa = XCConfigurationList;
			buildConfigurations = (
				50CCEC6A2B296E3800DA5074 /* Debug */,
				50CCEC6B2B296E3800DA5074 /* Release */,
			);
			defaultConfigurationIsVisible = 0;
			defaultConfigurationName = Release;
		};
		50CCEC6C2B296E3800DA5074 /* Build configuration list for PBXNativeTarget "nomura_assignmentTests" */ = {
			isa = XCConfigurationList;
			buildConfigurations = (
				50CCEC6D2B296E3800DA5074 /* Debug */,
				50CCEC6E2B296E3800DA5074 /* Release */,
			);
			defaultConfigurationIsVisible = 0;
			defaultConfigurationName = Release;
		};
		50CCEC6F2B296E3800DA5074 /* Build configuration list for PBXNativeTarget "nomura_assignmentUITests" */ = {
			isa = XCConfigurationList;
			buildConfigurations = (
				50CCEC702B296E3800DA5074 /* Debug */,
				50CCEC712B296E3800DA5074 /* Release */,
			);
			defaultConfigurationIsVisible = 0;
			defaultConfigurationName = Release;
		};
/* End XCConfigurationList section */
	};
	rootObject = 50CCEC372B296E3600DA5074 /* Project object */;
}
